
Microsoft Visual Studio Solution File, Format Version 12.00
# Visual Studio Version 17
VisualStudioVersion = 17.2.32630.192
MinimumVisualStudioVersion = 10.0.40219.1
Project("{FAE04EC0-301F-11D3-BF4B-00C04F79EFBC}") = "Ajedrez", "Ajedrez.csproj", "{1152A45F-4788-49DE-B79A-64029B66385A}"
EndProject
Global
	GlobalSection(SolutionConfigurationPlatforms) = preSolution
		Debug|Any CPU = Debug|Any CPU
		Release|Any CPU = Release|Any CPU
	EndGlobalSection
	GlobalSection(ProjectConfigurationPlatforms) = postSolution
		{1152A45F-4788-49DE-B79A-64029B66385A}.Debug|Any CPU.ActiveCfg = Debug|Any CPU
		{1152A45F-4788-49DE-B79A-64029B66385A}.Debug|Any CPU.Build.0 = Debug|Any CPU
		{1152A45F-4788-49DE-B79A-64029B66385A}.Release|Any CPU.ActiveCfg = Release|Any CPU
		{1152A45F-4788-49DE-B79A-64029B66385A}.Release|Any CPU.Build.0 = Release|Any CPU
	EndGlobalSection
	GlobalSection(SolutionProperties) = preSolution
		HideSolutionNode = FALSE
	EndGlobalSection
	GlobalSection(ExtensibilityGlobals) = postSolution
		SolutionGuid = {BD0749E9-1048-4A18-9926-3B70EE64A93F}
	EndGlobalSection
EndGlobal
